schema: '2.0'
stages:
  extract:
    cmd: python etl_main.py --stage extract
    deps:
    - path: etl_main.py
      hash: md5
      md5: 4435f2aabdc229cd4888b12abc0ed986
      size: 1386
    - path: src/churn_etl/components/data_extracting.py
      hash: md5
      md5: 330d99a5ae1ada42bde3f2bccc9bb57f
      size: 1240
    - path: src/churn_etl/pipeline/data_extraction_pipeline.py
      hash: md5
      md5: 387b8b22dd07707307064c18543c147e
      size: 625
    outs:
    - path: ETL_artifacts/data_Extracting/extracted_data.csv
      hash: md5
      md5: f7f704844854f599047edd65ad2256e0
      size: 2402167
  transform:
    cmd: python etl_main.py --stage transform
    deps:
    - path: ETL_artifacts/data_Extracting/extracted_data.csv
      hash: md5
      md5: f7f704844854f599047edd65ad2256e0
      size: 2402167
    - path: etl_main.py
      hash: md5
      md5: 4435f2aabdc229cd4888b12abc0ed986
      size: 1386
    - path: src/churn_etl/components/data_transformation.py
      hash: md5
      md5: e2c754076538dbc239c8568a6de5a5d6
      size: 4548
    - path: src/churn_etl/pipeline/data_transformation_pipeline.py
      hash: md5
      md5: e97db613408264d8f157b442e05ec62a
      size: 651
    outs:
    - path: ETL_artifacts/data_transformation/transformed_data.csv
      hash: md5
      md5: 5f3dd905f71ed7785bc514c117127e9a
      size: 2917783
  load:
    cmd: python etl_main.py --stage load
    deps:
    - path: ETL_artifacts/data_transformation/transformed_data.csv
      hash: md5
      md5: 5f3dd905f71ed7785bc514c117127e9a
      size: 2917783
    - path: etl_main.py
      hash: md5
      md5: 4435f2aabdc229cd4888b12abc0ed986
      size: 1386
    - path: src/churn_etl/components/data_loader.py
      hash: md5
      md5: ba3bcc8a636c85adfda16bfcb639931a
      size: 822
    - path: src/churn_etl/pipeline/data_loading_pipeline.py
      hash: md5
      md5: cc16c2b56db68ff5971f781bb4798748
      size: 579
    outs:
    - path: Data/data.csv
      hash: md5
      md5: 5acaa13129dc60a19dcc8bcad0dc41ec
      size: 2916184
